
Microsoft Visual Studio Solution File, Format Version 12.00
# Visual Studio Version 17
VisualStudioVersion = 17.3.32929.385
MinimumVisualStudioVersion = 10.0.40219.1
Project("{9A19103F-16F7-4668-BE54-9A1E7A4F7556}") = "Systemic", "Systemic\Systemic.csproj", "{C034383C-693C-438F-8E08-4277A9DAD61D}"
EndProject
Global
	GlobalSection(SolutionConfigurationPlatforms) = preSolution
		Debug|Any CPU = Debug|Any CPU
		NoBuild|Any CPU = NoBuild|Any CPU
		Release|Any CPU = Release|Any CPU
	EndGlobalSection
	GlobalSection(ProjectConfigurationPlatforms) = postSolution
		{C034383C-693C-438F-8E08-4277A9DAD61D}.Debug|Any CPU.ActiveCfg = Debug|Any CPU
		{C034383C-693C-438F-8E08-4277A9DAD61D}.Debug|Any CPU.Build.0 = Debug|Any CPU
		{C034383C-693C-438F-8E08-4277A9DAD61D}.NoBuild|Any CPU.ActiveCfg = Debug|Any CPU
		{C034383C-693C-438F-8E08-4277A9DAD61D}.Release|Any CPU.ActiveCfg = Release|Any CPU
		{C034383C-693C-438F-8E08-4277A9DAD61D}.Release|Any CPU.Build.0 = Release|Any CPU
	EndGlobalSection
	GlobalSection(SolutionProperties) = preSolution
		HideSolutionNode = FALSE
	EndGlobalSection
	GlobalSection(ExtensibilityGlobals) = postSolution
		SolutionGuid = {D97201B5-E4F7-4665-9A2D-9E38CEFD852B}
	EndGlobalSection
EndGlobal
